// !$*UTF8*$!
{
	archiveVersion = 1;
	classes = {
	};
	objectVersion = 50;
	objects = {

/* Begin PBXBuildFile section */
		ED2B272D22694D30003B91C3 /* blockerList.json in Resources */ = {isa = PBXBuildFile; fileRef = ED2B272C22694D30003B91C3 /* blockerList.json */; };
		ED5A00A42263A976003FC741 /* AppDelegate.swift in Sources */ = {isa = PBXBuildFile; fileRef = ED5A00A32263A976003FC741 /* AppDelegate.swift */; };
		ED5A00A62263A976003FC741 /* ViewController.swift in Sources */ = {isa = PBXBuildFile; fileRef = ED5A00A52263A976003FC741 /* ViewController.swift */; };
		ED5A00A92263A976003FC741 /* Main.storyboard in Resources */ = {isa = PBXBuildFile; fileRef = ED5A00A72263A976003FC741 /* Main.storyboard */; };
		ED5A00AB2263A977003FC741 /* Assets.xcassets in Resources */ = {isa = PBXBuildFile; fileRef = ED5A00AA2263A977003FC741 /* Assets.xcassets */; };
		ED5A00AE2263A977003FC741 /* LaunchScreen.storyboard in Resources */ = {isa = PBXBuildFile; fileRef = ED5A00AC2263A977003FC741 /* LaunchScreen.storyboard */; };
		ED5A00BE2263A9A0003FC741 /* ContentBlockerRequestHandler.swift in Sources */ = {isa = PBXBuildFile; fileRef = ED5A00BD2263A9A0003FC741 /* ContentBlockerRequestHandler.swift */; };
		ED5A00C22263A9A0003FC741 /* BlockerExtension.appex in Embed App Extensions */ = {isa = PBXBuildFile; fileRef = ED5A00B92263A9A0003FC741 /* BlockerExtension.appex */; settings = {ATTRIBUTES = (RemoveHeadersOnCopy, ); }; };
/* End PBXBuildFile section */

/* Begin PBXContainerItemProxy section */
		ED5A00C02263A9A0003FC741 /* PBXContainerItemProxy */ = {
			isa = PBXContainerItemProxy;
			containerPortal = ED5A00982263A976003FC741 /* Project object */;
			proxyType = 1;
			remoteGlobalIDString = ED5A00B82263A9A0003FC741;
			remoteInfo = BlockerExtension;
		};
/* End PBXContainerItemProxy section */

/* Begin PBXCopyFilesBuildPhase section */
		ED5A00C62263A9A0003FC741 /* Embed App Extensions */ = {
			isa = PBXCopyFilesBuildPhase;
			buildActionMask = 2147483647;
			dstPath = "";
			dstSubfolderSpec = 13;
			files = (
				ED5A00C22263A9A0003FC741 /* BlockerExtension.appex in Embed App Extensions */,
			);
			name = "Embed App Extensions";
			runOnlyForDeploymentPostprocessing = 0;
		};
/* End PBXCopyFilesBuildPhase section */

/* Begin PBXFileReference section */
		ED2B272C22694D30003B91C3 /* blockerList.json */ = {isa = PBXFileReference; fileEncoding = 4; lastKnownFileType = text.json; name = blockerList.json; path = ../../Safari/BlockerExtension/blockerList.json; sourceTree = "<group>"; };
		ED5A00A02263A976003FC741 /* HelloGoodbyeiOS.app */ = {isa = PBXFileReference; explicitFileType = wrapper.application; includeInIndex = 0; path = HelloGoodbyeiOS.app; sourceTree = BUILT_PRODUCTS_DIR; };
		ED5A00A32263A976003FC741 /* AppDelegate.swift */ = {isa = PBXFileReference; lastKnownFileType = sourcecode.swift; path = AppDelegate.swift; sourceTree = "<group>"; };
		ED5A00A52263A976003FC741 /* ViewController.swift */ = {isa = PBXFileReference; lastKnownFileType = sourcecode.swift; path = ViewController.swift; sourceTree = "<group>"; };
		ED5A00A82263A976003FC741 /* Base */ = {isa = PBXFileReference; lastKnownFileType = file.storyboard; name = Base; path = Base.lproj/Main.storyboard; sourceTree = "<group>"; };
		ED5A00AA2263A977003FC741 /* Assets.xcassets */ = {isa = PBXFileReference; lastKnownFileType = folder.assetcatalog; path = Assets.xcassets; sourceTree = "<group>"; };
		ED5A00AD2263A977003FC741 /* Base */ = {isa = PBXFileReference; lastKnownFileType = file.storyboard; name = Base; path = Base.lproj/LaunchScreen.storyboard; sourceTree = "<group>"; };
		ED5A00AF2263A977003FC741 /* Info.plist */ = {isa = PBXFileReference; lastKnownFileType = text.plist.xml; path = Info.plist; sourceTree = "<group>"; };
		ED5A00B92263A9A0003FC741 /* BlockerExtension.appex */ = {isa = PBXFileReference; explicitFileType = "wrapper.app-extension"; includeInIndex = 0; path = BlockerExtension.appex; sourceTree = BUILT_PRODUCTS_DIR; };
		ED5A00BD2263A9A0003FC741 /* ContentBlockerRequestHandler.swift */ = {isa = PBXFileReference; lastKnownFileType = sourcecode.swift; path = ContentBlockerRequestHandler.swift; sourceTree = "<group>"; };
		ED5A00BF2263A9A0003FC741 /* Info.plist */ = {isa = PBXFileReference; lastKnownFileType = text.plist.xml; path = Info.plist; sourceTree = "<group>"; };
/* End PBXFileReference section */

/* Begin PBXFrameworksBuildPhase section */
		ED5A009D2263A976003FC741 /* Frameworks */ = {
			isa = PBXFrameworksBuildPhase;
			buildActionMask = 2147483647;
			files = (
			);
			runOnlyForDeploymentPostprocessing = 0;
		};
		ED5A00B62263A9A0003FC741 /* Frameworks */ = {
			isa = PBXFrameworksBuildPhase;
			buildActionMask = 2147483647;
			files = (
			);
			runOnlyForDeploymentPostprocessing = 0;
		};
/* End PBXFrameworksBuildPhase section */

/* Begin PBXGroup section */
		ED5A00972263A976003FC741 = {
			isa = PBXGroup;
			children = (
				ED5A00A22263A976003FC741 /* HelloGoodbyeiOS */,
				ED5A00BA2263A9A0003FC741 /* BlockerExtension */,
				ED5A00A12263A976003FC741 /* Products */,
			);
			sourceTree = "<group>";
		};
		ED5A00A12263A976003FC741 /* Products */ = {
			isa = PBXGroup;
			children = (
				ED5A00A02263A976003FC741 /* HelloGoodbyeiOS.app */,
				ED5A00B92263A9A0003FC741 /* BlockerExtension.appex */,
			);
			name = Products;
			sourceTree = "<group>";
		};
		ED5A00A22263A976003FC741 /* HelloGoodbyeiOS */ = {
			isa = PBXGroup;
			children = (
				ED5A00A32263A976003FC741 /* AppDelegate.swift */,
				ED5A00A52263A976003FC741 /* ViewController.swift */,
				ED5A00A72263A976003FC741 /* Main.storyboard */,
				ED5A00AA2263A977003FC741 /* Assets.xcassets */,
				ED5A00AC2263A977003FC741 /* LaunchScreen.storyboard */,
				ED5A00AF2263A977003FC741 /* Info.plist */,
			);
			path = HelloGoodbyeiOS;
			sourceTree = "<group>";
		};
		ED5A00BA2263A9A0003FC741 /* BlockerExtension */ = {
			isa = PBXGroup;
			children = (
				ED2B272C22694D30003B91C3 /* blockerList.json */,
				ED5A00BD2263A9A0003FC741 /* ContentBlockerRequestHandler.swift */,
				ED5A00BF2263A9A0003FC741 /* Info.plist */,
			);
			path = BlockerExtension;
			sourceTree = "<group>";
		};
/* End PBXGroup section */

/* Begin PBXNativeTarget section */
		ED5A009F2263A976003FC741 /* HelloGoodbyeiOS */ = {
			isa = PBXNativeTarget;
			buildConfigurationList = ED5A00B22263A977003FC741 /* Build configuration list for PBXNativeTarget "HelloGoodbyeiOS" */;
			buildPhases = (
				ED5A009C2263A976003FC741 /* Sources */,
				ED5A009D2263A976003FC741 /* Frameworks */,
				ED5A009E2263A976003FC741 /* Resources */,
				ED5A00C62263A9A0003FC741 /* Embed App Extensions */,
			);
			buildRules = (
			);
			dependencies = (
				ED5A00C12263A9A0003FC741 /* PBXTargetDependency */,
			);
			name = HelloGoodbyeiOS;
			productName = HelloGoodbyeiOS;
			productReference = ED5A00A02263A976003FC741 /* HelloGoodbyeiOS.app */;
			productType = "com.apple.product-type.application";
		};
		ED5A00B82263A9A0003FC741 /* BlockerExtension */ = {
			isa = PBXNativeTarget;
			buildConfigurationList = ED5A00C32263A9A0003FC741 /* Build configuration list for PBXNativeTarget "BlockerExtension" */;
			buildPhases = (
				ED5A00B52263A9A0003FC741 /* Sources */,
				ED5A00B62263A9A0003FC741 /* Frameworks */,
				ED5A00B72263A9A0003FC741 /* Resources */,
			);
			buildRules = (
			);
			dependencies = (
			);
			name = BlockerExtension;
			productName = BlockerExtension;
			productReference = ED5A00B92263A9A0003FC741 /* BlockerExtension.appex */;
			productType = "com.apple.product-type.app-extension";
		};
/* End PBXNativeTarget section */

/* Begin PBXProject section */
		ED5A00982263A976003FC741 /* Project object */ = {
			isa = PBXProject;
			attributes = {
				LastSwiftUpdateCheck = 1020;
				LastUpgradeCheck = 1020;
				ORGANIZATIONNAME = "Dirk Hulverscheidt";
				TargetAttributes = {
					ED5A009F2263A976003FC741 = {
						CreatedOnToolsVersion = 10.2;
					};
					ED5A00B82263A9A0003FC741 = {
						CreatedOnToolsVersion = 10.2;
					};
				};
			};
			buildConfigurationList = ED5A009B2263A976003FC741 /* Build configuration list for PBXProject "HelloGoodbyeiOS" */;
			compatibilityVersion = "Xcode 9.3";
			developmentRegion = en;
			hasScannedForEncodings = 0;
			knownRegions = (
				en,
				Base,
			);
			mainGroup = ED5A00972263A976003FC741;
			productRefGroup = ED5A00A12263A976003FC741 /* Products */;
			projectDirPath = "";
			projectRoot = "";
			targets = (
				ED5A009F2263A976003FC741 /* HelloGoodbyeiOS */,
				ED5A00B82263A9A0003FC741 /* BlockerExtension */,
			);
		};
/* End PBXProject section */

/* Begin PBXResourcesBuildPhase section */
		ED5A009E2263A976003FC741 /* Resources */ = {
			isa = PBXResourcesBuildPhase;
			buildActionMask = 2147483647;
			files = (
				ED5A00AE2263A977003FC741 /* LaunchScreen.storyboard in Resources */,
				ED5A00AB2263A977003FC741 /* Assets.xcassets in Resources */,
				ED5A00A92263A976003FC741 /* Main.storyboard in Resources */,
			);
			runOnlyForDeploymentPostprocessing = 0;
		};
		ED5A00B72263A9A0003FC741 /* Resources */ = {
			isa = PBXResourcesBuildPhase;
			buildActionMask = 2147483647;
			files = (
				ED2B272D22694D30003B91C3 /* blockerList.json in Resources */,
			);
			runOnlyForDeploymentPostprocessing = 0;
		};
/* End PBXResourcesBuildPhase section */

/* Begin PBXSourcesBuildPhase section */
		ED5A009C2263A976003FC741 /* Sources */ = {
			isa = PBXSourcesBuildPhase;
			buildActionMask = 2147483647;
			files = (
				ED5A00A62263A976003FC741 /* ViewController.swift in Sources */,
				ED5A00A42263A976003FC741 /* AppDelegate.swift in Sources */,
			);
			runOnlyForDeploymentPostprocessing = 0;
		};
		ED5A00B52263A9A0003FC741 /* Sources */ = {
			isa = PBXSourcesBuildPhase;
			buildActionMask = 2147483647;
			files = (
				ED5A00BE2263A9A0003FC741 /* ContentBlockerRequestHandler.swift in Sources */,
			);
			runOnlyForDeploymentPostprocessing = 0;
		};
/* End PBXSourcesBuildPhase section */

/* Begin PBXTargetDependency section */
		ED5A00C12263A9A0003FC741 /* PBXTargetDependency */ = {
			isa = PBXTargetDependency;
			target = ED5A00B82263A9A0003FC741 /* BlockerExtension */;
			targetProxy = ED5A00C02263A9A0003FC741 /* PBXContainerItemProxy */;
		};
/* End PBXTargetDependency section */

/* Begin PBXVariantGroup section */
		ED5A00A72263A976003FC741 /* Main.storyboard */ = {
			isa = PBXVariantGroup;
			children = (
				ED5A00A82263A976003FC741 /* Base */,
			);
			name = Main.storyboard;
			sourceTree = "<group>";
		};
		ED5A00AC2263A977003FC741 /* LaunchScreen.storyboard */ = {
			isa = PBXVariantGroup;
			children = (
				ED5A00AD2263A977003FC741 /* Base */,
			);
			name = LaunchScreen.storyboard;
			sourceTree = "<group>";
		};
/* End PBXVariantGroup section */

/* Begin XCBuildConfiguration section */
		ED5A00B02263A977003FC741 /* Debug */ = {
			isa = XCBuildConfiguration;
			buildSettings = {
				ALWAYS_SEARCH_USER_PATHS = NO;
				CLANG_ANALYZER_NONNULL = YES;
				CLANG_ANALYZER_NUMBER_OBJECT_CONVERSION = YES_AGGRESSIVE;
				CLANG_CXX_LANGUAGE_STANDARD = "gnu++14";
				CLANG_CXX_LIBRARY = "libc++";
				CLANG_ENABLE_MODULES = YES;
				CLANG_ENABLE_OBJC_ARC = YES;
				CLANG_ENABLE_OBJC_WEAK = YES;
				CLANG_WARN_BLOCK_CAPTURE_AUTORELEASING = YES;
				CLANG_WARN_BOOL_CONVERSION = YES;
				CLANG_WARN_COMMA = YES;
				CLANG_WARN_CONSTANT_CONVERSION = YES;
				CLANG_WARN_DEPRECATED_OBJC_IMPLEMENTATIONS = YES;
				CLANG_WARN_DIRECT_OBJC_ISA_USAGE = YES_ERROR;
				CLANG_WARN_DOCUMENTATION_COMMENTS = YES;
				CLANG_WARN_EMPTY_BODY = YES;
				CLANG_WARN_ENUM_CONVERSION = YES;
				CLANG_WARN_INFINITE_RECURSION = YES;
				CLANG_WARN_INT_CONVERSION = YES;
				CLANG_WARN_NON_LITERAL_NULL_CONVERSION = YES;
				CLANG_WARN_OBJC_IMPLICIT_RETAIN_SELF = YES;
				CLANG_WARN_OBJC_LITERAL_CONVERSION = YES;
				CLANG_WARN_OBJC_ROOT_CLASS = YES_ERROR;
				CLANG_WARN_RANGE_LOOP_ANALYSIS = YES;
				CLANG_WARN_STRICT_PROTOTYPES = YES;
				CLANG_WARN_SUSPICIOUS_MOVE = YES;
				CLANG_WARN_UNGUARDED_AVAILABILITY = YES_AGGRESSIVE;
				CLANG_WARN_UNREACHABLE_CODE = YES;
				CLANG_WARN__DUPLICATE_METHOD_MATCH = YES;
				CODE_SIGN_IDENTITY = "iPhone Developer";
				COPY_PHASE_STRIP = NO;
				DEBUG_INFORMATION_FORMAT = dwarf;
				ENABLE_STRICT_OBJC_MSGSEND = YES;
				ENABLE_TESTABILITY = YES;
				GCC_C_LANGUAGE_STANDARD = gnu11;
				GCC_DYNAMIC_NO_PIC = NO;
				GCC_NO_COMMON_BLOCKS = YES;
				GCC_OPTIMIZATION_LEVEL = 0;
				GCC_PREPROCESSOR_DEFINITIONS = (
					"DEBUG=1",
					"$(inherited)",
				);
				GCC_WARN_64_TO_32_BIT_CONVERSION = YES;
				GCC_WARN_ABOUT_RETURN_TYPE = YES_ERROR;
				GCC_WARN_UNDECLARED_SELECTOR = YES;
				GCC_WARN_UNINITIALIZED_AUTOS = YES_AGGRESSIVE;
				GCC_WARN_UNUSED_FUNCTION = YES;
				GCC_WARN_UNUSED_VARIABLE = YES;
				IPHONEOS_DEPLOYMENT_TARGET = 12.2;
				MTL_ENABLE_DEBUG_INFO = INCLUDE_SOURCE;
				MTL_FAST_MATH = YES;
				ONLY_ACTIVE_ARCH = YES;
				SDKROOT = iphoneos;
				SWIFT_ACTIVE_COMPILATION_CONDITIONS = DEBUG;
				SWIFT_OPTIMIZATION_LEVEL = "-Onone";
			};
			name = Debug;
		};
		ED5A00B12263A977003FC741 /* Release */ = {
			isa = XCBuildConfiguration;
			buildSettings = {
				ALWAYS_SEARCH_USER_PATHS = NO;
				CLANG_ANALYZER_NONNULL = YES;
				CLANG_ANALYZER_NUMBER_OBJECT_CONVERSION = YES_AGGRESSIVE;
				CLANG_CXX_LANGUAGE_STANDARD = "gnu++14";
				CLANG_CXX_LIBRARY = "libc++";
				CLANG_ENABLE_MODULES = YES;
				CLANG_ENABLE_OBJC_ARC = YES;
				CLANG_ENABLE_OBJC_WEAK = YES;
				CLANG_WARN_BLOCK_CAPTURE_AUTORELEASING = YES;
				CLANG_WARN_BOOL_CONVERSION = YES;
				CLANG_WARN_COMMA = YES;
				CLANG_WARN_CONSTANT_CONVERSION = YES;
				CLANG_WARN_DEPRECATED_OBJC_IMPLEMENTATIONS = YES;
				CLANG_WARN_DIRECT_OBJC_ISA_USAGE = YES_ERROR;
				CLANG_WARN_DOCUMENTATION_COMMENTS = YES;
				CLANG_WARN_EMPTY_BODY = YES;
				CLANG_WARN_ENUM_CONVERSION = YES;
				CLANG_WARN_INFINITE_RECURSION = YES;
				CLANG_WARN_INT_CONVERSION = YES;
				CLANG_WARN_NON_LITERAL_NULL_CONVERSION = YES;
				CLANG_WARN_OBJC_IMPLICIT_RETAIN_SELF = YES;
				CLANG_WARN_OBJC_LITERAL_CONVERSION = YES;
				CLANG_WARN_OBJC_ROOT_CLASS = YES_ERROR;
				CLANG_WARN_RANGE_LOOP_ANALYSIS = YES;
				CLANG_WARN_STRICT_PROTOTYPES = YES;
				CLANG_WARN_SUSPICIOUS_MOVE = YES;
				CLANG_WARN_UNGUARDED_AVAILABILITY = YES_AGGRESSIVE;
				CLANG_WARN_UNREACHABLE_CODE = YES;
				CLANG_WARN__DUPLICATE_METHOD_MATCH = YES;
				CODE_SIGN_IDENTITY = "iPhone Developer";
				COPY_PHASE_STRIP = NO;
				DEBUG_INFORMATION_FORMAT = "dwarf-with-dsym";
				ENABLE_NS_ASSERTIONS = NO;
				ENABLE_STRICT_OBJC_MSGSEND = YES;
				GCC_C_LANGUAGE_STANDARD = gnu11;
				GCC_NO_COMMON_BLOCKS = YES;
				GCC_WARN_64_TO_32_BIT_CONVERSION = YES;
				GCC_WARN_ABOUT_RETURN_TYPE = YES_ERROR;
				GCC_WARN_UNDECLARED_SELECTOR = YES;
				GCC_WARN_UNINITIALIZED_AUTOS = YES_AGGRESSIVE;
				GCC_WARN_UNUSED_FUNCTION = YES;
				GCC_WARN_UNUSED_VARIABLE = YES;
				IPHONEOS_DEPLOYMENT_TARGET = 12.2;
				MTL_ENABLE_DEBUG_INFO = NO;
				MTL_FAST_MATH = YES;
				SDKROOT = iphoneos;
				SWIFT_COMPILATION_MODE = wholemodule;
				SWIFT_OPTIMIZATION_LEVEL = "-O";
				VALIDATE_PRODUCT = YES;
			};
			name = Release;
		};
		ED5A00B32263A977003FC741 /* Debug */ = {
			isa = XCBuildConfiguration;
			buildSettings = {
				ALWAYS_EMBED_SWIFT_STANDARD_LIBRARIES = YES;
				ASSETCATALOG_COMPILER_APPICON_NAME = AppIcon;
				CODE_SIGN_STYLE = Automatic;
				DEVELOPMENT_TEAM = BN988BU552;
				INFOPLIST_FILE = HelloGoodbyeiOS/Info.plist;
				LD_RUNPATH_SEARCH_PATHS = (
					"$(inherited)",
					"@executable_path/Frameworks",
				);
				PRODUCT_BUNDLE_IDENTIFIER = hulverscheidtdirk.HelloGoodbyeiOS;
				PRODUCT_NAME = "$(TARGET_NAME)";
				SWIFT_VERSION = 5.0;
				TARGETED_DEVICE_FAMILY = "1,2";
			};
			name = Debug;
		};
		ED5A00B42263A977003FC741 /* Release */ = {
			isa = XCBuildConfiguration;
			buildSettings = {
				ALWAYS_EMBED_SWIFT_STANDARD_LIBRARIES = YES;
				ASSETCATALOG_COMPILER_APPICON_NAME = AppIcon;
				CODE_SIGN_STYLE = Automatic;
				DEVELOPMENT_TEAM = BN988BU552;
				INFOPLIST_FILE = HelloGoodbyeiOS/Info.plist;
				LD_RUNPATH_SEARCH_PATHS = (
					"$(inherited)",
					"@executable_path/Frameworks",
				);
				PRODUCT_BUNDLE_IDENTIFIER = hulverscheidtdirk.HelloGoodbyeiOS;
				PRODUCT_NAME = "$(TARGET_NAME)";
				SWIFT_VERSION = 5.0;
				TARGETED_DEVICE_FAMILY = "1,2";
			};
			name = Release;
		};
		ED5A00C42263A9A0003FC741 /* Debug */ = {
			isa = XCBuildConfiguration;
			buildSettings = {
				ARCHS = "$(ARCHS_STANDARD_64_BIT)";
				CODE_SIGN_STYLE = Automatic;
				DEVELOPMENT_TEAM = BN988BU552;
				INFOPLIST_FILE = BlockerExtension/Info.plist;
				LD_RUNPATH_SEARCH_PATHS = (
					"$(inherited)",
					"@executable_path/Frameworks",
					"@executable_path/../../Frameworks",
				);
				PRODUCT_BUNDLE_IDENTIFIER = hulverscheidtdirk.HelloGoodbyeiOS.BlockerExtension;
				PRODUCT_NAME = "$(TARGET_NAME)";
				SKIP_INSTALL = YES;
				SWIFT_VERSION = 5.0;
				TARGETED_DEVICE_FAMILY = "1,2";
			};
			name = Debug;
		};
		ED5A00C52263A9A0003FC741 /* Release */ = {
			isa = XCBuildConfiguration;
			buildSettings = {
				ARCHS = "$(ARCHS_STANDARD_64_BIT)";
				CODE_SIGN_STYLE = Automatic;
				DEVELOPMENT_TEAM = BN988BU552;
				INFOPLIST_FILE = BlockerExtension/Info.plist;
				LD_RUNPATH_SEARCH_PATHS = (
					"$(inherited)",
					"@executable_path/Frameworks",
					"@executable_path/../../Frameworks",
				);
				PRODUCT_BUNDLE_IDENTIFIER = hulverscheidtdirk.HelloGoodbyeiOS.BlockerExtension;
				PRODUCT_NAME = "$(TARGET_NAME)";
				SKIP_INSTALL = YES;
				SWIFT_VERSION = 5.0;
				TARGETED_DEVICE_FAMILY = "1,2";
			};
			name = Release;
		};
/* End XCBuildConfiguration section */

/* Begin XCConfigurationList section */
		ED5A009B2263A976003FC741 /* Build configuration list for PBXProject "HelloGoodbyeiOS" */ = {
			isa = XCConfigurationList;
			buildConfigurations = (
				ED5A00B02263A977003FC741 /* Debug */,
				ED5A00B12263A977003FC741 /* Release */,
			);
			defaultConfigurationIsVisible = 0;
			defaultConfigurationName = Release;
		};
		ED5A00B22263A977003FC741 /* Build configuration list for PBXNativeTarget "HelloGoodbyeiOS" */ = {
			isa = XCConfigurationList;
			buildConfigurations = (
				ED5A00B32263A977003FC741 /* Debug */,
				ED5A00B42263A977003FC741 /* Release */,
			);
			defaultConfigurationIsVisible = 0;
			defaultConfigurationName = Release;
		};
		ED5A00C32263A9A0003FC741 /* Build configuration list for PBXNativeTarget "BlockerExtension" */ = {
			isa = XCConfigurationList;
			buildConfigurations = (
				ED5A00C42263A9A0003FC741 /* Debug */,
				ED5A00C52263A9A0003FC741 /* Release */,
			);
			defaultConfigurationIsVisible = 0;
			defaultConfigurationName = Release;
		};
/* End XCConfigurationList section */
	};
	rootObject = ED5A00982263A976003FC741 /* Project object */;
}
