// !$*UTF8*$!
{
	archiveVersion = 1;
	classes = {
	};
	objectVersion = 50;
	objects = {

/* Begin PBXBuildFile section */
		EDDE49D5225A9834005DE7A4 /* HelloGoodbye.entitlements in Resources */ = {isa = PBXBuildFile; fileRef = EDDE49D4225A9834005DE7A4 /* HelloGoodbye.entitlements */; };
		EDDE49D7225A9834005DE7A4 /* AppDelegate.swift in Sources */ = {isa = PBXBuildFile; fileRef = EDDE49D6225A9834005DE7A4 /* AppDelegate.swift */; };
		EDDE49DA225A9834005DE7A4 /* Main.storyboard in Resources */ = {isa = PBXBuildFile; fileRef = EDDE49D8225A9834005DE7A4 /* Main.storyboard */; };
		EDDE49DC225A9834005DE7A4 /* ViewController.swift in Sources */ = {isa = PBXBuildFile; fileRef = EDDE49DB225A9834005DE7A4 /* ViewController.swift */; };
		EDDE49DE225A9836005DE7A4 /* Assets.xcassets in Resources */ = {isa = PBXBuildFile; fileRef = EDDE49DD225A9836005DE7A4 /* Assets.xcassets */; };
		EDDE4A07225A98DF005DE7A4 /* Cocoa.framework in Frameworks */ = {isa = PBXBuildFile; fileRef = EDDE49E9225A9836005DE7A4 /* Cocoa.framework */; };
		EDDE4A0A225A98DF005DE7A4 /* blockerList.json in Resources */ = {isa = PBXBuildFile; fileRef = EDDE4A09225A98DF005DE7A4 /* blockerList.json */; };
		EDDE4A0C225A98DF005DE7A4 /* ContentBlockerRequestHandler.swift in Sources */ = {isa = PBXBuildFile; fileRef = EDDE4A0B225A98DF005DE7A4 /* ContentBlockerRequestHandler.swift */; };
		EDDE4A11225A98DF005DE7A4 /* BlockerExtension.appex in Embed App Extensions */ = {isa = PBXBuildFile; fileRef = EDDE4A06225A98DF005DE7A4 /* BlockerExtension.appex */; settings = {ATTRIBUTES = (RemoveHeadersOnCopy, ); }; };
/* End PBXBuildFile section */

/* Begin PBXContainerItemProxy section */
		EDDE4A0F225A98DF005DE7A4 /* PBXContainerItemProxy */ = {
			isa = PBXContainerItemProxy;
			containerPortal = EDDE49C9225A9834005DE7A4 /* Project object */;
			proxyType = 1;
			remoteGlobalIDString = EDDE4A05225A98DF005DE7A4;
			remoteInfo = BlockerExtension;
		};
/* End PBXContainerItemProxy section */

/* Begin PBXCopyFilesBuildPhase section */
		EDDE49FE225A9836005DE7A4 /* Embed App Extensions */ = {
			isa = PBXCopyFilesBuildPhase;
			buildActionMask = 2147483647;
			dstPath = "";
			dstSubfolderSpec = 13;
			files = (
				EDDE4A11225A98DF005DE7A4 /* BlockerExtension.appex in Embed App Extensions */,
			);
			name = "Embed App Extensions";
			runOnlyForDeploymentPostprocessing = 0;
		};
/* End PBXCopyFilesBuildPhase section */

/* Begin PBXFileReference section */
		EDDE49D1225A9834005DE7A4 /* HelloGoodbye.app */ = {isa = PBXFileReference; explicitFileType = wrapper.application; includeInIndex = 0; path = HelloGoodbye.app; sourceTree = BUILT_PRODUCTS_DIR; };
		EDDE49D4225A9834005DE7A4 /* HelloGoodbye.entitlements */ = {isa = PBXFileReference; lastKnownFileType = text.plist.entitlements; path = HelloGoodbye.entitlements; sourceTree = "<group>"; };
		EDDE49D6225A9834005DE7A4 /* AppDelegate.swift */ = {isa = PBXFileReference; lastKnownFileType = sourcecode.swift; path = AppDelegate.swift; sourceTree = "<group>"; };
		EDDE49D9225A9834005DE7A4 /* Base */ = {isa = PBXFileReference; lastKnownFileType = file.storyboard; name = Base; path = Base.lproj/Main.storyboard; sourceTree = "<group>"; };
		EDDE49DB225A9834005DE7A4 /* ViewController.swift */ = {isa = PBXFileReference; lastKnownFileType = sourcecode.swift; path = ViewController.swift; sourceTree = "<group>"; };
		EDDE49DD225A9836005DE7A4 /* Assets.xcassets */ = {isa = PBXFileReference; lastKnownFileType = folder.assetcatalog; path = Assets.xcassets; sourceTree = "<group>"; };
		EDDE49DF225A9836005DE7A4 /* Info.plist */ = {isa = PBXFileReference; lastKnownFileType = text.plist.xml; path = Info.plist; sourceTree = "<group>"; };
		EDDE49E9225A9836005DE7A4 /* Cocoa.framework */ = {isa = PBXFileReference; lastKnownFileType = wrapper.framework; name = Cocoa.framework; path = System/Library/Frameworks/Cocoa.framework; sourceTree = SDKROOT; };
		EDDE4A06225A98DF005DE7A4 /* BlockerExtension.appex */ = {isa = PBXFileReference; explicitFileType = "wrapper.app-extension"; includeInIndex = 0; path = BlockerExtension.appex; sourceTree = BUILT_PRODUCTS_DIR; };
		EDDE4A09225A98DF005DE7A4 /* blockerList.json */ = {isa = PBXFileReference; lastKnownFileType = text.json; path = blockerList.json; sourceTree = "<group>"; };
		EDDE4A0B225A98DF005DE7A4 /* ContentBlockerRequestHandler.swift */ = {isa = PBXFileReference; lastKnownFileType = sourcecode.swift; path = ContentBlockerRequestHandler.swift; sourceTree = "<group>"; };
		EDDE4A0D225A98DF005DE7A4 /* Info.plist */ = {isa = PBXFileReference; lastKnownFileType = text.plist.xml; path = Info.plist; sourceTree = "<group>"; };
		EDDE4A0E225A98DF005DE7A4 /* BlockerExtension.entitlements */ = {isa = PBXFileReference; lastKnownFileType = text.plist.entitlements; path = BlockerExtension.entitlements; sourceTree = "<group>"; };
/* End PBXFileReference section */

/* Begin PBXFrameworksBuildPhase section */
		EDDE49CE225A9834005DE7A4 /* Frameworks */ = {
			isa = PBXFrameworksBuildPhase;
			buildActionMask = 2147483647;
			files = (
			);
			runOnlyForDeploymentPostprocessing = 0;
		};
		EDDE4A03225A98DF005DE7A4 /* Frameworks */ = {
			isa = PBXFrameworksBuildPhase;
			buildActionMask = 2147483647;
			files = (
				EDDE4A07225A98DF005DE7A4 /* Cocoa.framework in Frameworks */,
			);
			runOnlyForDeploymentPostprocessing = 0;
		};
/* End PBXFrameworksBuildPhase section */

/* Begin PBXGroup section */
		EDDE49C8225A9834005DE7A4 = {
			isa = PBXGroup;
			children = (
				EDDE49D3225A9834005DE7A4 /* HelloGoodbye */,
				EDDE4A08225A98DF005DE7A4 /* BlockerExtension */,
				EDDE49E8225A9836005DE7A4 /* Frameworks */,
				EDDE49D2225A9834005DE7A4 /* Products */,
			);
			sourceTree = "<group>";
		};
		EDDE49D2225A9834005DE7A4 /* Products */ = {
			isa = PBXGroup;
			children = (
				EDDE49D1225A9834005DE7A4 /* HelloGoodbye.app */,
				EDDE4A06225A98DF005DE7A4 /* BlockerExtension.appex */,
			);
			name = Products;
			sourceTree = "<group>";
		};
		EDDE49D3225A9834005DE7A4 /* HelloGoodbye */ = {
			isa = PBXGroup;
			children = (
				EDDE49D4225A9834005DE7A4 /* HelloGoodbye.entitlements */,
				EDDE49D6225A9834005DE7A4 /* AppDelegate.swift */,
				EDDE49D8225A9834005DE7A4 /* Main.storyboard */,
				EDDE49DB225A9834005DE7A4 /* ViewController.swift */,
				EDDE49DD225A9836005DE7A4 /* Assets.xcassets */,
				EDDE49DF225A9836005DE7A4 /* Info.plist */,
			);
			path = HelloGoodbye;
			sourceTree = "<group>";
		};
		EDDE49E8225A9836005DE7A4 /* Frameworks */ = {
			isa = PBXGroup;
			children = (
				EDDE49E9225A9836005DE7A4 /* Cocoa.framework */,
			);
			name = Frameworks;
			sourceTree = "<group>";
		};
		EDDE4A08225A98DF005DE7A4 /* BlockerExtension */ = {
			isa = PBXGroup;
			children = (
				EDDE4A09225A98DF005DE7A4 /* blockerList.json */,
				EDDE4A0B225A98DF005DE7A4 /* ContentBlockerRequestHandler.swift */,
				EDDE4A0D225A98DF005DE7A4 /* Info.plist */,
				EDDE4A0E225A98DF005DE7A4 /* BlockerExtension.entitlements */,
			);
			path = BlockerExtension;
			sourceTree = "<group>";
		};
/* End PBXGroup section */

/* Begin PBXNativeTarget section */
		EDDE49D0225A9834005DE7A4 /* HelloGoodbye */ = {
			isa = PBXNativeTarget;
			buildConfigurationList = EDDE49FF225A9836005DE7A4 /* Build configuration list for PBXNativeTarget "HelloGoodbye" */;
			buildPhases = (
				EDDE49CD225A9834005DE7A4 /* Sources */,
				EDDE49CE225A9834005DE7A4 /* Frameworks */,
				EDDE49CF225A9834005DE7A4 /* Resources */,
				EDDE49FE225A9836005DE7A4 /* Embed App Extensions */,
			);
			buildRules = (
			);
			dependencies = (
				EDDE4A10225A98DF005DE7A4 /* PBXTargetDependency */,
			);
			name = HelloGoodbye;
			productName = HelloGoodbye;
			productReference = EDDE49D1225A9834005DE7A4 /* HelloGoodbye.app */;
			productType = "com.apple.product-type.application";
		};
		EDDE4A05225A98DF005DE7A4 /* BlockerExtension */ = {
			isa = PBXNativeTarget;
			buildConfigurationList = EDDE4A12225A98DF005DE7A4 /* Build configuration list for PBXNativeTarget "BlockerExtension" */;
			buildPhases = (
				EDDE4A02225A98DF005DE7A4 /* Sources */,
				EDDE4A03225A98DF005DE7A4 /* Frameworks */,
				EDDE4A04225A98DF005DE7A4 /* Resources */,
			);
			buildRules = (
			);
			dependencies = (
			);
			name = BlockerExtension;
			productName = BlockerExtension;
			productReference = EDDE4A06225A98DF005DE7A4 /* BlockerExtension.appex */;
			productType = "com.apple.product-type.app-extension";
		};
/* End PBXNativeTarget section */

/* Begin PBXProject section */
		EDDE49C9225A9834005DE7A4 /* Project object */ = {
			isa = PBXProject;
			attributes = {
				LastSwiftUpdateCheck = 1020;
				LastUpgradeCheck = 1020;
				ORGANIZATIONNAME = "Dirk Hulverscheidt";
				TargetAttributes = {
					EDDE49D0225A9834005DE7A4 = {
						CreatedOnToolsVersion = 10.2;
					};
					EDDE4A05225A98DF005DE7A4 = {
						CreatedOnToolsVersion = 10.2;
					};
				};
			};
			buildConfigurationList = EDDE49CC225A9834005DE7A4 /* Build configuration list for PBXProject "HelloGoodbye" */;
			compatibilityVersion = "Xcode 9.3";
			developmentRegion = en;
			hasScannedForEncodings = 0;
			knownRegions = (
				en,
				Base,
			);
			mainGroup = EDDE49C8225A9834005DE7A4;
			productRefGroup = EDDE49D2225A9834005DE7A4 /* Products */;
			projectDirPath = "";
			projectRoot = "";
			targets = (
				EDDE49D0225A9834005DE7A4 /* HelloGoodbye */,
				EDDE4A05225A98DF005DE7A4 /* BlockerExtension */,
			);
		};
/* End PBXProject section */

/* Begin PBXResourcesBuildPhase section */
		EDDE49CF225A9834005DE7A4 /* Resources */ = {
			isa = PBXResourcesBuildPhase;
			buildActionMask = 2147483647;
			files = (
				EDDE49D5225A9834005DE7A4 /* HelloGoodbye.entitlements in Resources */,
				EDDE49DE225A9836005DE7A4 /* Assets.xcassets in Resources */,
				EDDE49DA225A9834005DE7A4 /* Main.storyboard in Resources */,
			);
			runOnlyForDeploymentPostprocessing = 0;
		};
		EDDE4A04225A98DF005DE7A4 /* Resources */ = {
			isa = PBXResourcesBuildPhase;
			buildActionMask = 2147483647;
			files = (
				EDDE4A0A225A98DF005DE7A4 /* blockerList.json in Resources */,
			);
			runOnlyForDeploymentPostprocessing = 0;
		};
/* End PBXResourcesBuildPhase section */

/* Begin PBXSourcesBuildPhase section */
		EDDE49CD225A9834005DE7A4 /* Sources */ = {
			isa = PBXSourcesBuildPhase;
			buildActionMask = 2147483647;
			files = (
				EDDE49DC225A9834005DE7A4 /* ViewController.swift in Sources */,
				EDDE49D7225A9834005DE7A4 /* AppDelegate.swift in Sources */,
			);
			runOnlyForDeploymentPostprocessing = 0;
		};
		EDDE4A02225A98DF005DE7A4 /* Sources */ = {
			isa = PBXSourcesBuildPhase;
			buildActionMask = 2147483647;
			files = (
				EDDE4A0C225A98DF005DE7A4 /* ContentBlockerRequestHandler.swift in Sources */,
			);
			runOnlyForDeploymentPostprocessing = 0;
		};
/* End PBXSourcesBuildPhase section */

/* Begin PBXTargetDependency section */
		EDDE4A10225A98DF005DE7A4 /* PBXTargetDependency */ = {
			isa = PBXTargetDependency;
			target = EDDE4A05225A98DF005DE7A4 /* BlockerExtension */;
			targetProxy = EDDE4A0F225A98DF005DE7A4 /* PBXContainerItemProxy */;
		};
/* End PBXTargetDependency section */

/* Begin PBXVariantGroup section */
		EDDE49D8225A9834005DE7A4 /* Main.storyboard */ = {
			isa = PBXVariantGroup;
			children = (
				EDDE49D9225A9834005DE7A4 /* Base */,
			);
			name = Main.storyboard;
			sourceTree = "<group>";
		};
/* End PBXVariantGroup section */

/* Begin XCBuildConfiguration section */
		EDDE49F9225A9836005DE7A4 /* Debug */ = {
			isa = XCBuildConfiguration;
			buildSettings = {
				ALWAYS_SEARCH_USER_PATHS = NO;
				CLANG_ANALYZER_NONNULL = YES;
				CLANG_ANALYZER_NUMBER_OBJECT_CONVERSION = YES_AGGRESSIVE;
				CLANG_CXX_LANGUAGE_STANDARD = "gnu++14";
				CLANG_CXX_LIBRARY = "libc++";
				CLANG_ENABLE_MODULES = YES;
				CLANG_ENABLE_OBJC_ARC = YES;
				CLANG_ENABLE_OBJC_WEAK = YES;
				CLANG_WARN_BLOCK_CAPTURE_AUTORELEASING = YES;
				CLANG_WARN_BOOL_CONVERSION = YES;
				CLANG_WARN_COMMA = YES;
				CLANG_WARN_CONSTANT_CONVERSION = YES;
				CLANG_WARN_DEPRECATED_OBJC_IMPLEMENTATIONS = YES;
				CLANG_WARN_DIRECT_OBJC_ISA_USAGE = YES_ERROR;
				CLANG_WARN_DOCUMENTATION_COMMENTS = YES;
				CLANG_WARN_EMPTY_BODY = YES;
				CLANG_WARN_ENUM_CONVERSION = YES;
				CLANG_WARN_INFINITE_RECURSION = YES;
				CLANG_WARN_INT_CONVERSION = YES;
				CLANG_WARN_NON_LITERAL_NULL_CONVERSION = YES;
				CLANG_WARN_OBJC_IMPLICIT_RETAIN_SELF = YES;
				CLANG_WARN_OBJC_LITERAL_CONVERSION = YES;
				CLANG_WARN_OBJC_ROOT_CLASS = YES_ERROR;
				CLANG_WARN_RANGE_LOOP_ANALYSIS = YES;
				CLANG_WARN_STRICT_PROTOTYPES = YES;
				CLANG_WARN_SUSPICIOUS_MOVE = YES;
				CLANG_WARN_UNGUARDED_AVAILABILITY = YES_AGGRESSIVE;
				CLANG_WARN_UNREACHABLE_CODE = YES;
				CLANG_WARN__DUPLICATE_METHOD_MATCH = YES;
				CODE_SIGN_IDENTITY = "Mac Developer";
				COPY_PHASE_STRIP = NO;
				DEBUG_INFORMATION_FORMAT = dwarf;
				ENABLE_STRICT_OBJC_MSGSEND = YES;
				ENABLE_TESTABILITY = YES;
				GCC_C_LANGUAGE_STANDARD = gnu11;
				GCC_DYNAMIC_NO_PIC = NO;
				GCC_NO_COMMON_BLOCKS = YES;
				GCC_OPTIMIZATION_LEVEL = 0;
				GCC_PREPROCESSOR_DEFINITIONS = (
					"DEBUG=1",
					"$(inherited)",
				);
				GCC_WARN_64_TO_32_BIT_CONVERSION = YES;
				GCC_WARN_ABOUT_RETURN_TYPE = YES_ERROR;
				GCC_WARN_UNDECLARED_SELECTOR = YES;
				GCC_WARN_UNINITIALIZED_AUTOS = YES_AGGRESSIVE;
				GCC_WARN_UNUSED_FUNCTION = YES;
				GCC_WARN_UNUSED_VARIABLE = YES;
				MACOSX_DEPLOYMENT_TARGET = 10.14;
				MTL_ENABLE_DEBUG_INFO = INCLUDE_SOURCE;
				MTL_FAST_MATH = YES;
				ONLY_ACTIVE_ARCH = YES;
				SDKROOT = macosx;
				SWIFT_ACTIVE_COMPILATION_CONDITIONS = DEBUG;
				SWIFT_OPTIMIZATION_LEVEL = "-Onone";
			};
			name = Debug;
		};
		EDDE49FA225A9836005DE7A4 /* Release */ = {
			isa = XCBuildConfiguration;
			buildSettings = {
				ALWAYS_SEARCH_USER_PATHS = NO;
				CLANG_ANALYZER_NONNULL = YES;
				CLANG_ANALYZER_NUMBER_OBJECT_CONVERSION = YES_AGGRESSIVE;
				CLANG_CXX_LANGUAGE_STANDARD = "gnu++14";
				CLANG_CXX_LIBRARY = "libc++";
				CLANG_ENABLE_MODULES = YES;
				CLANG_ENABLE_OBJC_ARC = YES;
				CLANG_ENABLE_OBJC_WEAK = YES;
				CLANG_WARN_BLOCK_CAPTURE_AUTORELEASING = YES;
				CLANG_WARN_BOOL_CONVERSION = YES;
				CLANG_WARN_COMMA = YES;
				CLANG_WARN_CONSTANT_CONVERSION = YES;
				CLANG_WARN_DEPRECATED_OBJC_IMPLEMENTATIONS = YES;
				CLANG_WARN_DIRECT_OBJC_ISA_USAGE = YES_ERROR;
				CLANG_WARN_DOCUMENTATION_COMMENTS = YES;
				CLANG_WARN_EMPTY_BODY = YES;
				CLANG_WARN_ENUM_CONVERSION = YES;
				CLANG_WARN_INFINITE_RECURSION = YES;
				CLANG_WARN_INT_CONVERSION = YES;
				CLANG_WARN_NON_LITERAL_NULL_CONVERSION = YES;
				CLANG_WARN_OBJC_IMPLICIT_RETAIN_SELF = YES;
				CLANG_WARN_OBJC_LITERAL_CONVERSION = YES;
				CLANG_WARN_OBJC_ROOT_CLASS = YES_ERROR;
				CLANG_WARN_RANGE_LOOP_ANALYSIS = YES;
				CLANG_WARN_STRICT_PROTOTYPES = YES;
				CLANG_WARN_SUSPICIOUS_MOVE = YES;
				CLANG_WARN_UNGUARDED_AVAILABILITY = YES_AGGRESSIVE;
				CLANG_WARN_UNREACHABLE_CODE = YES;
				CLANG_WARN__DUPLICATE_METHOD_MATCH = YES;
				CODE_SIGN_IDENTITY = "Mac Developer";
				COPY_PHASE_STRIP = NO;
				DEBUG_INFORMATION_FORMAT = "dwarf-with-dsym";
				ENABLE_NS_ASSERTIONS = NO;
				ENABLE_STRICT_OBJC_MSGSEND = YES;
				GCC_C_LANGUAGE_STANDARD = gnu11;
				GCC_NO_COMMON_BLOCKS = YES;
				GCC_WARN_64_TO_32_BIT_CONVERSION = YES;
				GCC_WARN_ABOUT_RETURN_TYPE = YES_ERROR;
				GCC_WARN_UNDECLARED_SELECTOR = YES;
				GCC_WARN_UNINITIALIZED_AUTOS = YES_AGGRESSIVE;
				GCC_WARN_UNUSED_FUNCTION = YES;
				GCC_WARN_UNUSED_VARIABLE = YES;
				MACOSX_DEPLOYMENT_TARGET = 10.14;
				MTL_ENABLE_DEBUG_INFO = NO;
				MTL_FAST_MATH = YES;
				SDKROOT = macosx;
				SWIFT_COMPILATION_MODE = wholemodule;
				SWIFT_OPTIMIZATION_LEVEL = "-O";
			};
			name = Release;
		};
		EDDE4A00225A9836005DE7A4 /* Debug */ = {
			isa = XCBuildConfiguration;
			buildSettings = {
				ALWAYS_EMBED_SWIFT_STANDARD_LIBRARIES = YES;
				ASSETCATALOG_COMPILER_APPICON_NAME = AppIcon;
				CODE_SIGN_ENTITLEMENTS = HelloGoodbye/HelloGoodbye.entitlements;
				CODE_SIGN_STYLE = Automatic;
				COMBINE_HIDPI_IMAGES = YES;
				DEVELOPMENT_TEAM = BN988BU552;
				INFOPLIST_FILE = HelloGoodbye/Info.plist;
				LD_RUNPATH_SEARCH_PATHS = (
					"$(inherited)",
					"@executable_path/../Frameworks",
				);
				PRODUCT_BUNDLE_IDENTIFIER = hulverscheidtdirk.HelloGoodbye;
				PRODUCT_NAME = "$(TARGET_NAME)";
				SWIFT_VERSION = 5.0;
			};
			name = Debug;
		};
		EDDE4A01225A9836005DE7A4 /* Release */ = {
			isa = XCBuildConfiguration;
			buildSettings = {
				ALWAYS_EMBED_SWIFT_STANDARD_LIBRARIES = YES;
				ASSETCATALOG_COMPILER_APPICON_NAME = AppIcon;
				CODE_SIGN_ENTITLEMENTS = HelloGoodbye/HelloGoodbye.entitlements;
				CODE_SIGN_STYLE = Automatic;
				COMBINE_HIDPI_IMAGES = YES;
				DEVELOPMENT_TEAM = BN988BU552;
				INFOPLIST_FILE = HelloGoodbye/Info.plist;
				LD_RUNPATH_SEARCH_PATHS = (
					"$(inherited)",
					"@executable_path/../Frameworks",
				);
				PRODUCT_BUNDLE_IDENTIFIER = hulverscheidtdirk.HelloGoodbye;
				PRODUCT_NAME = "$(TARGET_NAME)";
				SWIFT_VERSION = 5.0;
			};
			name = Release;
		};
		EDDE4A13225A98DF005DE7A4 /* Debug */ = {
			isa = XCBuildConfiguration;
			buildSettings = {
				CODE_SIGN_ENTITLEMENTS = BlockerExtension/BlockerExtension.entitlements;
				CODE_SIGN_STYLE = Automatic;
				DEVELOPMENT_TEAM = BN988BU552;
				INFOPLIST_FILE = BlockerExtension/Info.plist;
				LD_RUNPATH_SEARCH_PATHS = (
					"$(inherited)",
					"@executable_path/../Frameworks",
					"@executable_path/../../../../Frameworks",
				);
				PRODUCT_BUNDLE_IDENTIFIER = hulverscheidtdirk.HelloGoodbye.BlockerExtension;
				PRODUCT_NAME = "$(TARGET_NAME)";
				SKIP_INSTALL = YES;
				SWIFT_VERSION = 5.0;
			};
			name = Debug;
		};
		EDDE4A14225A98DF005DE7A4 /* Release */ = {
			isa = XCBuildConfiguration;
			buildSettings = {
				CODE_SIGN_ENTITLEMENTS = BlockerExtension/BlockerExtension.entitlements;
				CODE_SIGN_STYLE = Automatic;
				DEVELOPMENT_TEAM = BN988BU552;
				INFOPLIST_FILE = BlockerExtension/Info.plist;
				LD_RUNPATH_SEARCH_PATHS = (
					"$(inherited)",
					"@executable_path/../Frameworks",
					"@executable_path/../../../../Frameworks",
				);
				PRODUCT_BUNDLE_IDENTIFIER = hulverscheidtdirk.HelloGoodbye.BlockerExtension;
				PRODUCT_NAME = "$(TARGET_NAME)";
				SKIP_INSTALL = YES;
				SWIFT_VERSION = 5.0;
			};
			name = Release;
		};
/* End XCBuildConfiguration section */

/* Begin XCConfigurationList section */
		EDDE49CC225A9834005DE7A4 /* Build configuration list for PBXProject "HelloGoodbye" */ = {
			isa = XCConfigurationList;
			buildConfigurations = (
				EDDE49F9225A9836005DE7A4 /* Debug */,
				EDDE49FA225A9836005DE7A4 /* Release */,
			);
			defaultConfigurationIsVisible = 0;
			defaultConfigurationName = Release;
		};
		EDDE49FF225A9836005DE7A4 /* Build configuration list for PBXNativeTarget "HelloGoodbye" */ = {
			isa = XCConfigurationList;
			buildConfigurations = (
				EDDE4A00225A9836005DE7A4 /* Debug */,
				EDDE4A01225A9836005DE7A4 /* Release */,
			);
			defaultConfigurationIsVisible = 0;
			defaultConfigurationName = Release;
		};
		EDDE4A12225A98DF005DE7A4 /* Build configuration list for PBXNativeTarget "BlockerExtension" */ = {
			isa = XCConfigurationList;
			buildConfigurations = (
				EDDE4A13225A98DF005DE7A4 /* Debug */,
				EDDE4A14225A98DF005DE7A4 /* Release */,
			);
			defaultConfigurationIsVisible = 0;
			defaultConfigurationName = Release;
		};
/* End XCConfigurationList section */
	};
	rootObject = EDDE49C9225A9834005DE7A4 /* Project object */;
}
